
Microsoft Visual Studio Solution File, Format Version 12.00
# Visual Studio Version 16
VisualStudioVersion = 16.0.31025.194
MinimumVisualStudioVersion = 10.0.40219.1
Project("{FAE04EC0-301F-11D3-BF4B-00C04F79EFBC}") = "MVVM.Android", "MVVM\MVVM.Android\MVVM.Android.csproj", "{315552D8-4FA9-4702-A848-AAAEF4B160E9}"
EndProject
Project("{FAE04EC0-301F-11D3-BF4B-00C04F79EFBC}") = "MVVM.iOS", "MVVM\MVVM.iOS\MVVM.iOS.csproj", "{95B608BB-148D-428A-94DE-5D5AB034163B}"
EndProject
Project("{FAE04EC0-301F-11D3-BF4B-00C04F79EFBC}") = "MVVM", "MVVM\MVVM\MVVM.csproj", "{0FC54637-E734-4742-BB9B-6CEE32829586}"
EndProject
Global
	GlobalSection(SolutionConfigurationPlatforms) = preSolution
		Debug|Any CPU = Debug|Any CPU
		Debug|iPhone = Debug|iPhone
		Debug|iPhoneSimulator = Debug|iPhoneSimulator
		Release|Any CPU = Release|Any CPU
		Release|iPhone = Release|iPhone
		Release|iPhoneSimulator = Release|iPhoneSimulator
	EndGlobalSection
	GlobalSection(ProjectConfigurationPlatforms) = postSolution
		{315552D8-4FA9-4702-A848-AAAEF4B160E9}.Debug|Any CPU.ActiveCfg = Debug|Any CPU
		{315552D8-4FA9-4702-A848-AAAEF4B160E9}.Debug|Any CPU.Build.0 = Debug|Any CPU
		{315552D8-4FA9-4702-A848-AAAEF4B160E9}.Debug|Any CPU.Deploy.0 = Debug|Any CPU
		{315552D8-4FA9-4702-A848-AAAEF4B160E9}.Debug|iPhone.ActiveCfg = Debug|Any CPU
		{315552D8-4FA9-4702-A848-AAAEF4B160E9}.Debug|iPhone.Build.0 = Debug|Any CPU
		{315552D8-4FA9-4702-A848-AAAEF4B160E9}.Debug|iPhone.Deploy.0 = Debug|Any CPU
		{315552D8-4FA9-4702-A848-AAAEF4B160E9}.Debug|iPhoneSimulator.ActiveCfg = Debug|Any CPU
		{315552D8-4FA9-4702-A848-AAAEF4B160E9}.Debug|iPhoneSimulator.Build.0 = Debug|Any CPU
		{315552D8-4FA9-4702-A848-AAAEF4B160E9}.Debug|iPhoneSimulator.Deploy.0 = Debug|Any CPU
		{315552D8-4FA9-4702-A848-AAAEF4B160E9}.Release|Any CPU.ActiveCfg = Release|Any CPU
		{315552D8-4FA9-4702-A848-AAAEF4B160E9}.Release|Any CPU.Build.0 = Release|Any CPU
		{315552D8-4FA9-4702-A848-AAAEF4B160E9}.Release|Any CPU.Deploy.0 = Release|Any CPU
		{315552D8-4FA9-4702-A848-AAAEF4B160E9}.Release|iPhone.ActiveCfg = Release|Any CPU
		{315552D8-4FA9-4702-A848-AAAEF4B160E9}.Release|iPhone.Build.0 = Release|Any CPU
		{315552D8-4FA9-4702-A848-AAAEF4B160E9}.Release|iPhone.Deploy.0 = Release|Any CPU
		{315552D8-4FA9-4702-A848-AAAEF4B160E9}.Release|iPhoneSimulator.ActiveCfg = Release|Any CPU
		{315552D8-4FA9-4702-A848-AAAEF4B160E9}.Release|iPhoneSimulator.Build.0 = Release|Any CPU
		{315552D8-4FA9-4702-A848-AAAEF4B160E9}.Release|iPhoneSimulator.Deploy.0 = Release|Any CPU
		{95B608BB-148D-428A-94DE-5D5AB034163B}.Debug|Any CPU.ActiveCfg = Debug|iPhone
		{95B608BB-148D-428A-94DE-5D5AB034163B}.Debug|Any CPU.Build.0 = Debug|iPhone
		{95B608BB-148D-428A-94DE-5D5AB034163B}.Debug|Any CPU.Deploy.0 = Debug|iPhone
		{95B608BB-148D-428A-94DE-5D5AB034163B}.Debug|iPhone.ActiveCfg = Debug|iPhone
		{95B608BB-148D-428A-94DE-5D5AB034163B}.Debug|iPhone.Build.0 = Debug|iPhone
		{95B608BB-148D-428A-94DE-5D5AB034163B}.Debug|iPhone.Deploy.0 = Debug|iPhone
		{95B608BB-148D-428A-94DE-5D5AB034163B}.Debug|iPhoneSimulator.ActiveCfg = Debug|iPhoneSimulator
		{95B608BB-148D-428A-94DE-5D5AB034163B}.Debug|iPhoneSimulator.Build.0 = Debug|iPhoneSimulator
		{95B608BB-148D-428A-94DE-5D5AB034163B}.Debug|iPhoneSimulator.Deploy.0 = Debug|iPhoneSimulator
		{95B608BB-148D-428A-94DE-5D5AB034163B}.Release|Any CPU.ActiveCfg = Release|iPhoneSimulator
		{95B608BB-148D-428A-94DE-5D5AB034163B}.Release|Any CPU.Build.0 = Release|iPhoneSimulator
		{95B608BB-148D-428A-94DE-5D5AB034163B}.Release|Any CPU.Deploy.0 = Release|iPhoneSimulator
		{95B608BB-148D-428A-94DE-5D5AB034163B}.Release|iPhone.ActiveCfg = Release|iPhone
		{95B608BB-148D-428A-94DE-5D5AB034163B}.Release|iPhone.Build.0 = Release|iPhone
		{95B608BB-148D-428A-94DE-5D5AB034163B}.Release|iPhone.Deploy.0 = Release|iPhone
		{95B608BB-148D-428A-94DE-5D5AB034163B}.Release|iPhoneSimulator.ActiveCfg = Release|iPhoneSimulator
		{95B608BB-148D-428A-94DE-5D5AB034163B}.Release|iPhoneSimulator.Build.0 = Release|iPhoneSimulator
		{95B608BB-148D-428A-94DE-5D5AB034163B}.Release|iPhoneSimulator.Deploy.0 = Release|iPhoneSimulator
		{0FC54637-E734-4742-BB9B-6CEE32829586}.Debug|Any CPU.ActiveCfg = Debug|Any CPU
		{0FC54637-E734-4742-BB9B-6CEE32829586}.Debug|Any CPU.Build.0 = Debug|Any CPU
		{0FC54637-E734-4742-BB9B-6CEE32829586}.Debug|Any CPU.Deploy.0 = Debug|Any CPU
		{0FC54637-E734-4742-BB9B-6CEE32829586}.Debug|iPhone.ActiveCfg = Debug|Any CPU
		{0FC54637-E734-4742-BB9B-6CEE32829586}.Debug|iPhone.Build.0 = Debug|Any CPU
		{0FC54637-E734-4742-BB9B-6CEE32829586}.Debug|iPhone.Deploy.0 = Debug|Any CPU
		{0FC54637-E734-4742-BB9B-6CEE32829586}.Debug|iPhoneSimulator.ActiveCfg = Debug|Any CPU
		{0FC54637-E734-4742-BB9B-6CEE32829586}.Debug|iPhoneSimulator.Build.0 = Debug|Any CPU
		{0FC54637-E734-4742-BB9B-6CEE32829586}.Debug|iPhoneSimulator.Deploy.0 = Debug|Any CPU
		{0FC54637-E734-4742-BB9B-6CEE32829586}.Release|Any CPU.ActiveCfg = Release|Any CPU
		{0FC54637-E734-4742-BB9B-6CEE32829586}.Release|Any CPU.Build.0 = Release|Any CPU
		{0FC54637-E734-4742-BB9B-6CEE32829586}.Release|Any CPU.Deploy.0 = Release|Any CPU
		{0FC54637-E734-4742-BB9B-6CEE32829586}.Release|iPhone.ActiveCfg = Release|Any CPU
		{0FC54637-E734-4742-BB9B-6CEE32829586}.Release|iPhone.Build.0 = Release|Any CPU
		{0FC54637-E734-4742-BB9B-6CEE32829586}.Release|iPhone.Deploy.0 = Release|Any CPU
		{0FC54637-E734-4742-BB9B-6CEE32829586}.Release|iPhoneSimulator.ActiveCfg = Release|Any CPU
		{0FC54637-E734-4742-BB9B-6CEE32829586}.Release|iPhoneSimulator.Build.0 = Release|Any CPU
		{0FC54637-E734-4742-BB9B-6CEE32829586}.Release|iPhoneSimulator.Deploy.0 = Release|Any CPU
	EndGlobalSection
	GlobalSection(SolutionProperties) = preSolution
		HideSolutionNode = FALSE
	EndGlobalSection
	GlobalSection(ExtensibilityGlobals) = postSolution
		SolutionGuid = {94D7C430-8BC6-4A4B-BE19-FBAB6588BC4C}
	EndGlobalSection
EndGlobal
